// !$*UTF8*$!
{
	archiveVersion = 1;
	classes = {
	};
	objectVersion = 46;
	objects = {

/* Begin PBXBuildFile section */
		F584BF4A15CD853C0005E1A5 /* UIKit.framework in Frameworks */ = {isa = PBXBuildFile; fileRef = F584BF4915CD853C0005E1A5 /* UIKit.framework */; };
		F584BF4C15CD853C0005E1A5 /* Foundation.framework in Frameworks */ = {isa = PBXBuildFile; fileRef = F584BF4B15CD853C0005E1A5 /* Foundation.framework */; };
		F584BF4E15CD853C0005E1A5 /* CoreGraphics.framework in Frameworks */ = {isa = PBXBuildFile; fileRef = F584BF4D15CD853C0005E1A5 /* CoreGraphics.framework */; };
		F584BF5415CD853C0005E1A5 /* InfoPlist.strings in Resources */ = {isa = PBXBuildFile; fileRef = F584BF5215CD853C0005E1A5 /* InfoPlist.strings */; };
		F584BF5615CD853C0005E1A5 /* main.m in Sources */ = {isa = PBXBuildFile; fileRef = F584BF5515CD853C0005E1A5 /* main.m */; };
		F584BF5A15CD853C0005E1A5 /* AppDelegate.m in Sources */ = {isa = PBXBuildFile; fileRef = F584BF5915CD853C0005E1A5 /* AppDelegate.m */; };
		F584BF5D15CD853C0005E1A5 /* MainStoryboard_iPhone.storyboard in Resources */ = {isa = PBXBuildFile; fileRef = F584BF5B15CD853C0005E1A5 /* MainStoryboard_iPhone.storyboard */; };
		F584BF6015CD853C0005E1A5 /* MainStoryboard_iPad.storyboard in Resources */ = {isa = PBXBuildFile; fileRef = F584BF5E15CD853C0005E1A5 /* MainStoryboard_iPad.storyboard */; };
		F584BF7215CD86370005E1A5 /* MDTextField.m in Sources */ = {isa = PBXBuildFile; fileRef = F584BF6C15CD86370005E1A5 /* MDTextField.m */; };
		F584BF7315CD86370005E1A5 /* MDTextView.m in Sources */ = {isa = PBXBuildFile; fileRef = F584BF6E15CD86370005E1A5 /* MDTextView.m */; };
		F584BF7415CD86370005E1A5 /* MDContactForm.plist in Resources */ = {isa = PBXBuildFile; fileRef = F584BF6F15CD86370005E1A5 /* MDContactForm.plist */; };
		F584BF7515CD86370005E1A5 /* MDContactFormViewController.m in Sources */ = {isa = PBXBuildFile; fileRef = F584BF7115CD86370005E1A5 /* MDContactFormViewController.m */; };
		F584BF8915CD91670005E1A5 /* LICENSE.md in Resources */ = {isa = PBXBuildFile; fileRef = F584BF8715CD91670005E1A5 /* LICENSE.md */; };
		F584BF8A15CD91670005E1A5 /* README.md in Resources */ = {isa = PBXBuildFile; fileRef = F584BF8815CD91670005E1A5 /* README.md */; };
		F584BF8C15CD980E0005E1A5 /* issueReport.php in Resources */ = {isa = PBXBuildFile; fileRef = F584BF8B15CD980E0005E1A5 /* issueReport.php */; };
		F5CDFF3F15D8996400C40543 /* whiteBtn.png in Resources */ = {isa = PBXBuildFile; fileRef = F5CDFF3D15D8996400C40543 /* whiteBtn.png */; };
		F5CDFF4015D8996400C40543 /* whiteBtn@2x.png in Resources */ = {isa = PBXBuildFile; fileRef = F5CDFF3E15D8996400C40543 /* whiteBtn@2x.png */; };
/* End PBXBuildFile section */

/* Begin PBXFileReference section */
		F584BF4515CD853C0005E1A5 /* MDContactForm.app */ = {isa = PBXFileReference; explicitFileType = wrapper.application; includeInIndex = 0; path = MDContactForm.app; sourceTree = BUILT_PRODUCTS_DIR; };
		F584BF4915CD853C0005E1A5 /* UIKit.framework */ = {isa = PBXFileReference; lastKnownFileType = wrapper.framework; name = UIKit.framework; path = System/Library/Frameworks/UIKit.framework; sourceTree = SDKROOT; };
		F584BF4B15CD853C0005E1A5 /* Foundation.framework */ = {isa = PBXFileReference; lastKnownFileType = wrapper.framework; name = Foundation.framework; path = System/Library/Frameworks/Foundation.framework; sourceTree = SDKROOT; };
		F584BF4D15CD853C0005E1A5 /* CoreGraphics.framework */ = {isa = PBXFileReference; lastKnownFileType = wrapper.framework; name = CoreGraphics.framework; path = System/Library/Frameworks/CoreGraphics.framework; sourceTree = SDKROOT; };
		F584BF5115CD853C0005E1A5 /* MDContactForm-Info.plist */ = {isa = PBXFileReference; lastKnownFileType = text.plist.xml; path = "MDContactForm-Info.plist"; sourceTree = "<group>"; };
		F584BF5315CD853C0005E1A5 /* en */ = {isa = PBXFileReference; lastKnownFileType = text.plist.strings; name = en; path = en.lproj/InfoPlist.strings; sourceTree = "<group>"; };
		F584BF5515CD853C0005E1A5 /* main.m */ = {isa = PBXFileReference; lastKnownFileType = sourcecode.c.objc; path = main.m; sourceTree = "<group>"; };
		F584BF5715CD853C0005E1A5 /* MDContactForm-Prefix.pch */ = {isa = PBXFileReference; lastKnownFileType = sourcecode.c.h; path = "MDContactForm-Prefix.pch"; sourceTree = "<group>"; };
		F584BF5815CD853C0005E1A5 /* AppDelegate.h */ = {isa = PBXFileReference; lastKnownFileType = sourcecode.c.h; path = AppDelegate.h; sourceTree = "<group>"; };
		F584BF5915CD853C0005E1A5 /* AppDelegate.m */ = {isa = PBXFileReference; lastKnownFileType = sourcecode.c.objc; path = AppDelegate.m; sourceTree = "<group>"; };
		F584BF5C15CD853C0005E1A5 /* en */ = {isa = PBXFileReference; lastKnownFileType = file.storyboard; name = en; path = en.lproj/MainStoryboard_iPhone.storyboard; sourceTree = "<group>"; };
		F584BF5F15CD853C0005E1A5 /* en */ = {isa = PBXFileReference; lastKnownFileType = file.storyboard; name = en; path = en.lproj/MainStoryboard_iPad.storyboard; sourceTree = "<group>"; };
		F584BF6B15CD86370005E1A5 /* MDTextField.h */ = {isa = PBXFileReference; fileEncoding = 4; lastKnownFileType = sourcecode.c.h; path = MDTextField.h; sourceTree = "<group>"; };
		F584BF6C15CD86370005E1A5 /* MDTextField.m */ = {isa = PBXFileReference; fileEncoding = 4; lastKnownFileType = sourcecode.c.objc; path = MDTextField.m; sourceTree = "<group>"; };
		F584BF6D15CD86370005E1A5 /* MDTextView.h */ = {isa = PBXFileReference; fileEncoding = 4; lastKnownFileType = sourcecode.c.h; path = MDTextView.h; sourceTree = "<group>"; };
		F584BF6E15CD86370005E1A5 /* MDTextView.m */ = {isa = PBXFileReference; fileEncoding = 4; lastKnownFileType = sourcecode.c.objc; path = MDTextView.m; sourceTree = "<group>"; };
		F584BF6F15CD86370005E1A5 /* MDContactForm.plist */ = {isa = PBXFileReference; fileEncoding = 4; lastKnownFileType = text.plist.xml; path = MDContactForm.plist; sourceTree = "<group>"; };
		F584BF7015CD86370005E1A5 /* MDContactFormViewController.h */ = {isa = PBXFileReference; fileEncoding = 4; lastKnownFileType = sourcecode.c.h; path = MDContactFormViewController.h; sourceTree = "<group>"; };
		F584BF7115CD86370005E1A5 /* MDContactFormViewController.m */ = {isa = PBXFileReference; fileEncoding = 4; lastKnownFileType = sourcecode.c.objc; path = MDContactFormViewController.m; sourceTree = "<group>"; };
		F584BF8715CD91670005E1A5 /* LICENSE.md */ = {isa = PBXFileReference; fileEncoding = 4; lastKnownFileType = text; path = LICENSE.md; sourceTree = SOURCE_ROOT; };
		F584BF8815CD91670005E1A5 /* README.md */ = {isa = PBXFileReference; fileEncoding = 4; lastKnownFileType = text; path = README.md; sourceTree = SOURCE_ROOT; };
		F584BF8B15CD980E0005E1A5 /* issueReport.php */ = {isa = PBXFileReference; fileEncoding = 4; lastKnownFileType = text.script.php; name = issueReport.php; path = PHP/issueReport.php; sourceTree = SOURCE_ROOT; };
		F5CDFF3D15D8996400C40543 /* whiteBtn.png */ = {isa = PBXFileReference; lastKnownFileType = image.png; path = whiteBtn.png; sourceTree = "<group>"; };
		F5CDFF3E15D8996400C40543 /* whiteBtn@2x.png */ = {isa = PBXFileReference; lastKnownFileType = image.png; path = "whiteBtn@2x.png"; sourceTree = "<group>"; };
/* End PBXFileReference section */

/* Begin PBXFrameworksBuildPhase section */
		F584BF4215CD853C0005E1A5 /* Frameworks */ = {
			isa = PBXFrameworksBuildPhase;
			buildActionMask = 2147483647;
			files = (
				F584BF4A15CD853C0005E1A5 /* UIKit.framework in Frameworks */,
				F584BF4C15CD853C0005E1A5 /* Foundation.framework in Frameworks */,
				F584BF4E15CD853C0005E1A5 /* CoreGraphics.framework in Frameworks */,
			);
			runOnlyForDeploymentPostprocessing = 0;
		};
/* End PBXFrameworksBuildPhase section */

/* Begin PBXGroup section */
		F584BF3A15CD853C0005E1A5 = {
			isa = PBXGroup;
			children = (
				F584BF4F15CD853C0005E1A5 /* MDContactForm */,
				F584BF4815CD853C0005E1A5 /* Frameworks */,
				F584BF4615CD853C0005E1A5 /* Products */,
			);
			sourceTree = "<group>";
		};
		F584BF4615CD853C0005E1A5 /* Products */ = {
			isa = PBXGroup;
			children = (
				F584BF4515CD853C0005E1A5 /* MDContactForm.app */,
			);
			name = Products;
			sourceTree = "<group>";
		};
		F584BF4815CD853C0005E1A5 /* Frameworks */ = {
			isa = PBXGroup;
			children = (
				F584BF4915CD853C0005E1A5 /* UIKit.framework */,
				F584BF4B15CD853C0005E1A5 /* Foundation.framework */,
				F584BF4D15CD853C0005E1A5 /* CoreGraphics.framework */,
			);
			name = Frameworks;
			sourceTree = "<group>";
		};
		F584BF4F15CD853C0005E1A5 /* MDContactForm */ = {
			isa = PBXGroup;
			children = (
				F584BF8715CD91670005E1A5 /* LICENSE.md */,
				F584BF8815CD91670005E1A5 /* README.md */,
				F584BF5815CD853C0005E1A5 /* AppDelegate.h */,
				F584BF5915CD853C0005E1A5 /* AppDelegate.m */,
				F584BF5B15CD853C0005E1A5 /* MainStoryboard_iPhone.storyboard */,
				F584BF5E15CD853C0005E1A5 /* MainStoryboard_iPad.storyboard */,
				F584BF6915CD86370005E1A5 /* MDContactForm Source */,
				F584BF7A15CD8BCD0005E1A5 /* Sample PHP Script */,
				F584BF5015CD853C0005E1A5 /* Supporting Files */,
			);
			path = MDContactForm;
			sourceTree = "<group>";
		};
		F584BF5015CD853C0005E1A5 /* Supporting Files */ = {
			isa = PBXGroup;
			children = (
				F584BF5115CD853C0005E1A5 /* MDContactForm-Info.plist */,
				F584BF5215CD853C0005E1A5 /* InfoPlist.strings */,
				F584BF5515CD853C0005E1A5 /* main.m */,
				F584BF5715CD853C0005E1A5 /* MDContactForm-Prefix.pch */,
			);
			name = "Supporting Files";
			sourceTree = "<group>";
		};
		F584BF6915CD86370005E1A5 /* MDContactForm Source */ = {
			isa = PBXGroup;
			children = (
				F584BF6A15CD86370005E1A5 /* Input Views */,
				F584BF6F15CD86370005E1A5 /* MDContactForm.plist */,
				F584BF7015CD86370005E1A5 /* MDContactFormViewController.h */,
				F584BF7115CD86370005E1A5 /* MDContactFormViewController.m */,
				F5CDFF3C15D8996400C40543 /* Images */,
			);
			name = "MDContactForm Source";
			path = src;
			sourceTree = "<group>";
		};
		F584BF6A15CD86370005E1A5 /* Input Views */ = {
			isa = PBXGroup;
			children = (
				F584BF6B15CD86370005E1A5 /* MDTextField.h */,
				F584BF6C15CD86370005E1A5 /* MDTextField.m */,
				F584BF6D15CD86370005E1A5 /* MDTextView.h */,
				F584BF6E15CD86370005E1A5 /* MDTextView.m */,
			);
			path = "Input Views";
			sourceTree = "<group>";
		};
		F584BF7A15CD8BCD0005E1A5 /* Sample PHP Script */ = {
			isa = PBXGroup;
			children = (
				F584BF8B15CD980E0005E1A5 /* issueReport.php */,
			);
			name = "Sample PHP Script";
			sourceTree = "<group>";
		};
		F5CDFF3C15D8996400C40543 /* Images */ = {
			isa = PBXGroup;
			children = (
				F5CDFF3D15D8996400C40543 /* whiteBtn.png */,
				F5CDFF3E15D8996400C40543 /* whiteBtn@2x.png */,
			);
			path = Images;
			sourceTree = "<group>";
		};
/* End PBXGroup section */

/* Begin PBXNativeTarget section */
		F584BF4415CD853C0005E1A5 /* MDContactForm */ = {
			isa = PBXNativeTarget;
			buildConfigurationList = F584BF6615CD853C0005E1A5 /* Build configuration list for PBXNativeTarget "MDContactForm" */;
			buildPhases = (
				F584BF4115CD853C0005E1A5 /* Sources */,
				F584BF4215CD853C0005E1A5 /* Frameworks */,
				F584BF4315CD853C0005E1A5 /* Resources */,
			);
			buildRules = (
			);
			dependencies = (
			);
			name = MDContactForm;
			productName = MDContactForm;
			productReference = F584BF4515CD853C0005E1A5 /* MDContactForm.app */;
			productType = "com.apple.product-type.application";
		};
/* End PBXNativeTarget section */

/* Begin PBXProject section */
		F584BF3C15CD853C0005E1A5 /* Project object */ = {
			isa = PBXProject;
			attributes = {
				LastUpgradeCheck = 0430;
				ORGANIZATIONNAME = "Western Digital";
			};
			buildConfigurationList = F584BF3F15CD853C0005E1A5 /* Build configuration list for PBXProject "MDContactForm" */;
			compatibilityVersion = "Xcode 3.2";
			developmentRegion = English;
			hasScannedForEncodings = 0;
			knownRegions = (
				en,
			);
			mainGroup = F584BF3A15CD853C0005E1A5;
			productRefGroup = F584BF4615CD853C0005E1A5 /* Products */;
			projectDirPath = "";
			projectRoot = "";
			targets = (
				F584BF4415CD853C0005E1A5 /* MDContactForm */,
			);
		};
/* End PBXProject section */

/* Begin PBXResourcesBuildPhase section */
		F584BF4315CD853C0005E1A5 /* Resources */ = {
			isa = PBXResourcesBuildPhase;
			buildActionMask = 2147483647;
			files = (
				F584BF5415CD853C0005E1A5 /* InfoPlist.strings in Resources */,
				F584BF5D15CD853C0005E1A5 /* MainStoryboard_iPhone.storyboard in Resources */,
				F584BF6015CD853C0005E1A5 /* MainStoryboard_iPad.storyboard in Resources */,
				F584BF7415CD86370005E1A5 /* MDContactForm.plist in Resources */,
				F584BF8915CD91670005E1A5 /* LICENSE.md in Resources */,
				F584BF8A15CD91670005E1A5 /* README.md in Resources */,
				F584BF8C15CD980E0005E1A5 /* issueReport.php in Resources */,
				F5CDFF3F15D8996400C40543 /* whiteBtn.png in Resources */,
				F5CDFF4015D8996400C40543 /* whiteBtn@2x.png in Resources */,
			);
			runOnlyForDeploymentPostprocessing = 0;
		};
/* End PBXResourcesBuildPhase section */

/* Begin PBXSourcesBuildPhase section */
		F584BF4115CD853C0005E1A5 /* Sources */ = {
			isa = PBXSourcesBuildPhase;
			buildActionMask = 2147483647;
			files = (
				F584BF5615CD853C0005E1A5 /* main.m in Sources */,
				F584BF5A15CD853C0005E1A5 /* AppDelegate.m in Sources */,
				F584BF7215CD86370005E1A5 /* MDTextField.m in Sources */,
				F584BF7315CD86370005E1A5 /* MDTextView.m in Sources */,
				F584BF7515CD86370005E1A5 /* MDContactFormViewController.m in Sources */,
			);
			runOnlyForDeploymentPostprocessing = 0;
		};
/* End PBXSourcesBuildPhase section */

/* Begin PBXVariantGroup section */
		F584BF5215CD853C0005E1A5 /* InfoPlist.strings */ = {
			isa = PBXVariantGroup;
			children = (
				F584BF5315CD853C0005E1A5 /* en */,
			);
			name = InfoPlist.strings;
			sourceTree = "<group>";
		};
		F584BF5B15CD853C0005E1A5 /* MainStoryboard_iPhone.storyboard */ = {
			isa = PBXVariantGroup;
			children = (
				F584BF5C15CD853C0005E1A5 /* en */,
			);
			name = MainStoryboard_iPhone.storyboard;
			sourceTree = "<group>";
		};
		F584BF5E15CD853C0005E1A5 /* MainStoryboard_iPad.storyboard */ = {
			isa = PBXVariantGroup;
			children = (
				F584BF5F15CD853C0005E1A5 /* en */,
			);
			name = MainStoryboard_iPad.storyboard;
			sourceTree = "<group>";
		};
/* End PBXVariantGroup section */

/* Begin XCBuildConfiguration section */
		F584BF6415CD853C0005E1A5 /* Debug */ = {
			isa = XCBuildConfiguration;
			buildSettings = {
				ALWAYS_SEARCH_USER_PATHS = NO;
				ARCHS = "$(ARCHS_STANDARD_32_BIT)";
				CLANG_ENABLE_OBJC_ARC = YES;
				"CODE_SIGN_IDENTITY[sdk=iphoneos*]" = "iPhone Developer";
				COPY_PHASE_STRIP = NO;
				GCC_C_LANGUAGE_STANDARD = gnu99;
				GCC_DYNAMIC_NO_PIC = NO;
				GCC_OPTIMIZATION_LEVEL = 0;
				GCC_PREPROCESSOR_DEFINITIONS = (
					"DEBUG=1",
					"$(inherited)",
				);
				GCC_SYMBOLS_PRIVATE_EXTERN = NO;
				GCC_VERSION = com.apple.compilers.llvm.clang.1_0;
				GCC_WARN_ABOUT_RETURN_TYPE = YES;
				GCC_WARN_UNINITIALIZED_AUTOS = YES;
				GCC_WARN_UNUSED_VARIABLE = YES;
				IPHONEOS_DEPLOYMENT_TARGET = 5.1;
				SDKROOT = iphoneos;
				TARGETED_DEVICE_FAMILY = "1,2";
			};
			name = Debug;
		};
		F584BF6515CD853C0005E1A5 /* Release */ = {
			isa = XCBuildConfiguration;
			buildSettings = {
				ALWAYS_SEARCH_USER_PATHS = NO;
				ARCHS = "$(ARCHS_STANDARD_32_BIT)";
				CLANG_ENABLE_OBJC_ARC = YES;
				"CODE_SIGN_IDENTITY[sdk=iphoneos*]" = "iPhone Developer";
				COPY_PHASE_STRIP = YES;
				GCC_C_LANGUAGE_STANDARD = gnu99;
				GCC_VERSION = com.apple.compilers.llvm.clang.1_0;
				GCC_WARN_ABOUT_RETURN_TYPE = YES;
				GCC_WARN_UNINITIALIZED_AUTOS = YES;
				GCC_WARN_UNUSED_VARIABLE = YES;
				IPHONEOS_DEPLOYMENT_TARGET = 5.1;
				OTHER_CFLAGS = "-DNS_BLOCK_ASSERTIONS=1";
				SDKROOT = iphoneos;
				TARGETED_DEVICE_FAMILY = "1,2";
				VALIDATE_PRODUCT = YES;
			};
			name = Release;
		};
		F584BF6715CD853C0005E1A5 /* Debug */ = {
			isa = XCBuildConfiguration;
			buildSettings = {
				GCC_PRECOMPILE_PREFIX_HEADER = YES;
				GCC_PREFIX_HEADER = "MDContactForm/MDContactForm-Prefix.pch";
				INFOPLIST_FILE = "MDContactForm/MDContactForm-Info.plist";
				PRODUCT_NAME = "$(TARGET_NAME)";
				WRAPPER_EXTENSION = app;
			};
			name = Debug;
		};
		F584BF6815CD853C0005E1A5 /* Release */ = {
			isa = XCBuildConfiguration;
			buildSettings = {
				GCC_PRECOMPILE_PREFIX_HEADER = YES;
				GCC_PREFIX_HEADER = "MDContactForm/MDContactForm-Prefix.pch";
				INFOPLIST_FILE = "MDContactForm/MDContactForm-Info.plist";
				PRODUCT_NAME = "$(TARGET_NAME)";
				WRAPPER_EXTENSION = app;
			};
			name = Release;
		};
/* End XCBuildConfiguration section */

/* Begin XCConfigurationList section */
		F584BF3F15CD853C0005E1A5 /* Build configuration list for PBXProject "MDContactForm" */ = {
			isa = XCConfigurationList;
			buildConfigurations = (
				F584BF6415CD853C0005E1A5 /* Debug */,
				F584BF6515CD853C0005E1A5 /* Release */,
			);
			defaultConfigurationIsVisible = 0;
			defaultConfigurationName = Release;
		};
		F584BF6615CD853C0005E1A5 /* Build configuration list for PBXNativeTarget "MDContactForm" */ = {
			isa = XCConfigurationList;
			buildConfigurations = (
				F584BF6715CD853C0005E1A5 /* Debug */,
				F584BF6815CD853C0005E1A5 /* Release */,
			);
			defaultConfigurationIsVisible = 0;
			defaultConfigurationName = Release;
		};
/* End XCConfigurationList section */
	};
	rootObject = F584BF3C15CD853C0005E1A5 /* Project object */;
}
